Microsoft Visual Studio Solution File, Format Version 10.00
# Visual Studio 2008

Project("{C350BA15-F10C-D3B7-65B1-F21EABB8A77D}") = "asdfunity", "Assembly-CSharp.csproj", "{80CE8C27-FECA-E020-5EC6-DCB3914EBC42}"
EndProject
Global
	GlobalSection(SolutionConfigurationPlatforms) = preSolution
		Debug|Any CPU = Debug|Any CPU
		Release|Any CPU = Release|Any CPU
	EndGlobalSection
	GlobalSection(ProjectConfigurationPlatforms) = postSolution
		{80CE8C27-FECA-E020-5EC6-DCB3914EBC42}.Debug|Any CPU.ActiveCfg = Debug|Any CPU
		{80CE8C27-FECA-E020-5EC6-DCB3914EBC42}.Debug|Any CPU.Build.0 = Debug|Any CPU
		{80CE8C27-FECA-E020-5EC6-DCB3914EBC42}.Release|Any CPU.ActiveCfg = Release|Any CPU
		{80CE8C27-FECA-E020-5EC6-DCB3914EBC42}.Release|Any CPU.Build.0 = Release|Any CPU
	EndGlobalSection
	GlobalSection(SolutionProperties) = preSolution
		HideSolutionNode = FALSE
	EndGlobalSection
	
EndGlobal
